
Microsoft Visual Studio Solution File, Format Version 12.00
# Visual Studio Version 17
VisualStudioVersion = 17.12.35514.174
MinimumVisualStudioVersion = 10.0.40219.1
Project("{FAE04EC0-301F-11D3-BF4B-00C04F79EFBC}") = "Day1Runner", "Day1\Day1Runner.csproj", "{82F1BF41-877D-4CE1-A61C-88A284EFEE2E}"
EndProject
Project("{FAE04EC0-301F-11D3-BF4B-00C04F79EFBC}") = "Day2Runner", "Day2\Day2Runner.csproj", "{E920F382-1663-49EA-A900-3A09A5EBEA16}"
EndProject
Project("{2150E333-8FDC-42A3-9474-1A3956D46DE8}") = "Day2", "Day2", "{0E145929-2433-4AD7-B5DE-36231BEF0195}"
EndProject
Project("{2150E333-8FDC-42A3-9474-1A3956D46DE8}") = "Day1", "Day1", "{8C9A5F74-9B9E-4A7F-87E5-BB9ADD65CF74}"
EndProject
Project("{FAE04EC0-301F-11D3-BF4B-00C04F79EFBC}") = "Day2Lib", "Day2Lib\Day2Lib.csproj", "{DB26D355-DDAA-47BE-82AA-C087CF8A9B00}"
EndProject
Project("{FAE04EC0-301F-11D3-BF4B-00C04F79EFBC}") = "Day2Tests", "Day2Tests\Day2Tests.csproj", "{AEAFE4D4-310E-4D8E-AB69-B5B7B31441C4}"
EndProject
Project("{2150E333-8FDC-42A3-9474-1A3956D46DE8}") = "Day3", "Day3", "{C5C5644E-0551-4F8D-942A-E51EFD5ECB61}"
EndProject
Project("{FAE04EC0-301F-11D3-BF4B-00C04F79EFBC}") = "Day3Runner", "Day3Runner\Day3Runner.csproj", "{B7E4EC6F-B58C-4D15-A4B7-D67FF0D68A83}"
EndProject
Project("{FAE04EC0-301F-11D3-BF4B-00C04F79EFBC}") = "Day3Lib", "Day3Lib\Day3Lib.csproj", "{3D6B1B10-EB14-490C-BB45-2CFCC3D9B330}"
EndProject
Project("{2150E333-8FDC-42A3-9474-1A3956D46DE8}") = "Day4", "Day4", "{93FA668F-C808-4156-B31C-51C8013DCA41}"
EndProject
Project("{FAE04EC0-301F-11D3-BF4B-00C04F79EFBC}") = "Day4Lib", "Day4Lib\Day4Lib.csproj", "{F1DF228A-76DE-4C57-9CDB-161445C1D8F6}"
EndProject
Project("{FAE04EC0-301F-11D3-BF4B-00C04F79EFBC}") = "Day4Runner", "Day4Runner\Day4Runner.csproj", "{1CCF38F3-9777-4FF0-8E18-5A845E4831F7}"
EndProject
Project("{2150E333-8FDC-42A3-9474-1A3956D46DE8}") = "Day5", "Day5", "{44520CC5-716E-46C2-BC28-9E5076048880}"
EndProject
Project("{FAE04EC0-301F-11D3-BF4B-00C04F79EFBC}") = "Day5Runner", "Day5Runner\Day5Runner.csproj", "{716B8013-BC9E-4939-87D6-E5CDB01F6C27}"
EndProject
Project("{FAE04EC0-301F-11D3-BF4B-00C04F79EFBC}") = "Day5Lib", "Day5Lib\Day5Lib.csproj", "{DC3A6C72-91B2-4A1C-8C41-472EC2B963ED}"
EndProject
Project("{FAE04EC0-301F-11D3-BF4B-00C04F79EFBC}") = "Day5Tests", "Day5Tests\Day5Tests.csproj", "{A738AFC4-6459-4293-95AD-19DB45320359}"
EndProject
Project("{2150E333-8FDC-42A3-9474-1A3956D46DE8}") = "Day6", "Day6", "{DF627C26-B353-4D57-8F89-29FF44CD4D59}"
EndProject
Project("{FAE04EC0-301F-11D3-BF4B-00C04F79EFBC}") = "Day6Runner", "Day6Runner\Day6Runner.csproj", "{2A1C4600-4040-419B-B3D8-4C2060DA82CC}"
EndProject
Project("{FAE04EC0-301F-11D3-BF4B-00C04F79EFBC}") = "Day6Lib", "Day6Lib\Day6Lib.csproj", "{0948DFAE-505D-4860-A7DD-5637AF55B87F}"
EndProject
Project("{2150E333-8FDC-42A3-9474-1A3956D46DE8}") = "Day7", "Day7", "{FC6FF9C1-1853-4F62-8DD1-75ED221D8A18}"
EndProject
Project("{FAE04EC0-301F-11D3-BF4B-00C04F79EFBC}") = "Day7Runner", "Day7Runner\Day7Runner.csproj", "{B8E6604E-A0F1-41FF-ADCA-8580C170D403}"
EndProject
Project("{FAE04EC0-301F-11D3-BF4B-00C04F79EFBC}") = "Day7Lib", "Day7Lib\Day7Lib.csproj", "{3346DF66-6FFE-4CAB-A5A5-BD3264C7942B}"
EndProject
Project("{FAE04EC0-301F-11D3-BF4B-00C04F79EFBC}") = "Day7Tests", "Day7Tests\Day7Tests.csproj", "{8CD9A173-2B18-4794-AC3B-CE353C7ED26E}"
EndProject
Project("{2150E333-8FDC-42A3-9474-1A3956D46DE8}") = "Day8", "Day8", "{8B4C7458-A630-40DB-9D86-B2C802103E87}"
EndProject
Project("{FAE04EC0-301F-11D3-BF4B-00C04F79EFBC}") = "Day8Runner", "Day8Runner\Day8Runner.csproj", "{AF5F77C1-D9CF-4493-803C-1DEC5F08859B}"
EndProject
Project("{FAE04EC0-301F-11D3-BF4B-00C04F79EFBC}") = "Day8Lib", "Day8Lib\Day8Lib.csproj", "{E018F651-3C90-4F11-B4E1-50AC73353387}"
EndProject
Project("{2150E333-8FDC-42A3-9474-1A3956D46DE8}") = "Day9", "Day9", "{BA279B0A-BB25-4525-AD68-A59FD0EC4275}"
EndProject
Project("{FAE04EC0-301F-11D3-BF4B-00C04F79EFBC}") = "Day9Runner", "Day9Runner\Day9Runner.csproj", "{D1C1C29B-4A6E-4A2A-B111-EABE8E7009F4}"
EndProject
Project("{FAE04EC0-301F-11D3-BF4B-00C04F79EFBC}") = "Day9Lib", "Day9Lib\Day9Lib.csproj", "{7DC442E4-C42B-4459-8019-4CD3E7030AED}"
EndProject
Project("{FAE04EC0-301F-11D3-BF4B-00C04F79EFBC}") = "Day9Tests", "Day9Tests\Day9Tests.csproj", "{752860FD-74F0-45E2-B4CA-B3E414482E5E}"
EndProject
Project("{2150E333-8FDC-42A3-9474-1A3956D46DE8}") = "Day10", "Day10", "{5CC35219-49D3-4E41-B6EE-76A993D2C4AB}"
EndProject
Project("{FAE04EC0-301F-11D3-BF4B-00C04F79EFBC}") = "Day10Runner", "Day10Runner\Day10Runner.csproj", "{1FB4B5F0-0584-4EF7-9EEC-D2D4907E4EC8}"
EndProject
Project("{FAE04EC0-301F-11D3-BF4B-00C04F79EFBC}") = "Day10Lib", "Day10Lib\Day10Lib.csproj", "{065D2C6E-DF5B-4731-B22E-1FC723B02E8C}"
EndProject
Project("{2150E333-8FDC-42A3-9474-1A3956D46DE8}") = "Day11", "Day11", "{4BA89689-BF5C-47A4-B07C-47EF2FC67470}"
EndProject
Project("{FAE04EC0-301F-11D3-BF4B-00C04F79EFBC}") = "Day11Lib", "Day11Lib\Day11Lib.csproj", "{6B82AE02-E0AC-41A8-9999-7CBF754ABC9F}"
EndProject
Project("{FAE04EC0-301F-11D3-BF4B-00C04F79EFBC}") = "Day11Runner", "Day11Runner\Day11Runner.csproj", "{3001C914-69B5-4FD5-A852-BBC1440B0BC6}"
EndProject
Project("{FAE04EC0-301F-11D3-BF4B-00C04F79EFBC}") = "Day11Benchmark", "Day11Benchmark\Day11Benchmark.csproj", "{6F3BC691-4F12-4050-B2C5-25D3E8F22D1F}"
EndProject
Project("{2150E333-8FDC-42A3-9474-1A3956D46DE8}") = "Day12", "Day12", "{22203DDD-1C1A-4BD8-A2D4-C419D593136C}"
EndProject
Project("{FAE04EC0-301F-11D3-BF4B-00C04F79EFBC}") = "Day12Runner", "Day12Runner\Day12Runner.csproj", "{D676CBA4-5F60-4026-B90D-F62D8277F8A2}"
EndProject
Project("{FAE04EC0-301F-11D3-BF4B-00C04F79EFBC}") = "Day12Lib", "Day12Lib\Day12Lib.csproj", "{2BE3B9F4-A413-4CA4-93D5-724FF7B96359}"
EndProject
Project("{2150E333-8FDC-42A3-9474-1A3956D46DE8}") = "Day13", "Day13", "{A87E0388-7F26-4A29-8379-3F592D30DA42}"
EndProject
Project("{FAE04EC0-301F-11D3-BF4B-00C04F79EFBC}") = "Day13Lib", "Day13Lib\Day13Lib.csproj", "{7B87AA05-00AC-4401-BD3D-EF1A83E5799E}"
EndProject
Project("{FAE04EC0-301F-11D3-BF4B-00C04F79EFBC}") = "Day13Runner", "Day13Runner\Day13Runner.csproj", "{FB23AD50-82DF-45F1-9DB5-3F604FF8951B}"
EndProject
Project("{FAE04EC0-301F-11D3-BF4B-00C04F79EFBC}") = "Day13Tests", "Day13Tests\Day13Tests.csproj", "{8D62134B-4596-4B0F-B1DF-F2A4A5D4A66A}"
EndProject
Project("{2150E333-8FDC-42A3-9474-1A3956D46DE8}") = "Day14", "Day14", "{63AE2B71-0B72-4EE3-884B-D9B9AED62851}"
EndProject
Project("{2150E333-8FDC-42A3-9474-1A3956D46DE8}") = "Day15", "Day15", "{3E7C846A-2B25-4C42-B1E9-74A267774EC0}"
EndProject
Project("{FAE04EC0-301F-11D3-BF4B-00C04F79EFBC}") = "Day15Runner", "Day15Runner\Day15Runner.csproj", "{B105342C-9495-489E-8788-4ED24F029A92}"
EndProject
Project("{FAE04EC0-301F-11D3-BF4B-00C04F79EFBC}") = "Day14Runner", "Day14Runner\Day14Runner.csproj", "{D3A8717E-6EFD-41EE-A96D-D31AF0C9D467}"
EndProject
Project("{FAE04EC0-301F-11D3-BF4B-00C04F79EFBC}") = "Day14Lib", "Day14Lib\Day14Lib.csproj", "{51F4C8A2-9ADE-4EBC-B702-4FC6E49BD600}"
EndProject
Project("{FAE04EC0-301F-11D3-BF4B-00C04F79EFBC}") = "Day15Lib", "Day15Lib\Day15Lib.csproj", "{880EA006-8893-4BE3-9A61-128416866E9C}"
EndProject
Project("{FAE04EC0-301F-11D3-BF4B-00C04F79EFBC}") = "Visualisation", "Visualisation\Visualisation.csproj", "{9FC18FAE-28C1-496F-BD8D-41BF033821FB}"
EndProject
Project("{2150E333-8FDC-42A3-9474-1A3956D46DE8}") = "Day16", "Day16", "{69F317DF-4123-4D22-A42C-9AEB244E7418}"
EndProject
Project("{FAE04EC0-301F-11D3-BF4B-00C04F79EFBC}") = "Day16Lib", "Day16Lib\Day16Lib.csproj", "{73DAF9C1-F63E-4D80-8FA6-098ECBFE2236}"
EndProject
Project("{FAE04EC0-301F-11D3-BF4B-00C04F79EFBC}") = "Day16Runner", "Day16Runner\Day16Runner.csproj", "{E96B552E-61AB-4AA5-8D2E-4ED82245B26F}"
EndProject
Project("{2150E333-8FDC-42A3-9474-1A3956D46DE8}") = "Day18", "Day18", "{E89915B1-8685-49BC-A368-490A60608558}"
EndProject
Project("{FAE04EC0-301F-11D3-BF4B-00C04F79EFBC}") = "Day18Runner", "Day18Runner\Day18Runner.csproj", "{89C37149-567F-4E9C-B049-1CCDA5B1678E}"
EndProject
Global
	GlobalSection(SolutionConfigurationPlatforms) = preSolution
		Debug|Any CPU = Debug|Any CPU
		Release|Any CPU = Release|Any CPU
	EndGlobalSection
	GlobalSection(ProjectConfigurationPlatforms) = postSolution
		{82F1BF41-877D-4CE1-A61C-88A284EFEE2E}.Debug|Any CPU.ActiveCfg = Debug|Any CPU
		{82F1BF41-877D-4CE1-A61C-88A284EFEE2E}.Debug|Any CPU.Build.0 = Debug|Any CPU
		{82F1BF41-877D-4CE1-A61C-88A284EFEE2E}.Release|Any CPU.ActiveCfg = Release|Any CPU
		{82F1BF41-877D-4CE1-A61C-88A284EFEE2E}.Release|Any CPU.Build.0 = Release|Any CPU
		{E920F382-1663-49EA-A900-3A09A5EBEA16}.Debug|Any CPU.ActiveCfg = Debug|Any CPU
		{E920F382-1663-49EA-A900-3A09A5EBEA16}.Debug|Any CPU.Build.0 = Debug|Any CPU
		{E920F382-1663-49EA-A900-3A09A5EBEA16}.Release|Any CPU.ActiveCfg = Release|Any CPU
		{E920F382-1663-49EA-A900-3A09A5EBEA16}.Release|Any CPU.Build.0 = Release|Any CPU
		{DB26D355-DDAA-47BE-82AA-C087CF8A9B00}.Debug|Any CPU.ActiveCfg = Debug|Any CPU
		{DB26D355-DDAA-47BE-82AA-C087CF8A9B00}.Debug|Any CPU.Build.0 = Debug|Any CPU
		{DB26D355-DDAA-47BE-82AA-C087CF8A9B00}.Release|Any CPU.ActiveCfg = Release|Any CPU
		{DB26D355-DDAA-47BE-82AA-C087CF8A9B00}.Release|Any CPU.Build.0 = Release|Any CPU
		{AEAFE4D4-310E-4D8E-AB69-B5B7B31441C4}.Debug|Any CPU.ActiveCfg = Debug|Any CPU
		{AEAFE4D4-310E-4D8E-AB69-B5B7B31441C4}.Debug|Any CPU.Build.0 = Debug|Any CPU
		{AEAFE4D4-310E-4D8E-AB69-B5B7B31441C4}.Release|Any CPU.ActiveCfg = Release|Any CPU
		{AEAFE4D4-310E-4D8E-AB69-B5B7B31441C4}.Release|Any CPU.Build.0 = Release|Any CPU
		{B7E4EC6F-B58C-4D15-A4B7-D67FF0D68A83}.Debug|Any CPU.ActiveCfg = Debug|Any CPU
		{B7E4EC6F-B58C-4D15-A4B7-D67FF0D68A83}.Debug|Any CPU.Build.0 = Debug|Any CPU
		{B7E4EC6F-B58C-4D15-A4B7-D67FF0D68A83}.Release|Any CPU.ActiveCfg = Release|Any CPU
		{B7E4EC6F-B58C-4D15-A4B7-D67FF0D68A83}.Release|Any CPU.Build.0 = Release|Any CPU
		{3D6B1B10-EB14-490C-BB45-2CFCC3D9B330}.Debug|Any CPU.ActiveCfg = Debug|Any CPU
		{3D6B1B10-EB14-490C-BB45-2CFCC3D9B330}.Debug|Any CPU.Build.0 = Debug|Any CPU
		{3D6B1B10-EB14-490C-BB45-2CFCC3D9B330}.Release|Any CPU.ActiveCfg = Release|Any CPU
		{3D6B1B10-EB14-490C-BB45-2CFCC3D9B330}.Release|Any CPU.Build.0 = Release|Any CPU
		{F1DF228A-76DE-4C57-9CDB-161445C1D8F6}.Debug|Any CPU.ActiveCfg = Debug|Any CPU
		{F1DF228A-76DE-4C57-9CDB-161445C1D8F6}.Debug|Any CPU.Build.0 = Debug|Any CPU
		{F1DF228A-76DE-4C57-9CDB-161445C1D8F6}.Release|Any CPU.ActiveCfg = Release|Any CPU
		{F1DF228A-76DE-4C57-9CDB-161445C1D8F6}.Release|Any CPU.Build.0 = Release|Any CPU
		{1CCF38F3-9777-4FF0-8E18-5A845E4831F7}.Debug|Any CPU.ActiveCfg = Debug|Any CPU
		{1CCF38F3-9777-4FF0-8E18-5A845E4831F7}.Debug|Any CPU.Build.0 = Debug|Any CPU
		{1CCF38F3-9777-4FF0-8E18-5A845E4831F7}.Release|Any CPU.ActiveCfg = Release|Any CPU
		{1CCF38F3-9777-4FF0-8E18-5A845E4831F7}.Release|Any CPU.Build.0 = Release|Any CPU
		{716B8013-BC9E-4939-87D6-E5CDB01F6C27}.Debug|Any CPU.ActiveCfg = Debug|Any CPU
		{716B8013-BC9E-4939-87D6-E5CDB01F6C27}.Debug|Any CPU.Build.0 = Debug|Any CPU
		{716B8013-BC9E-4939-87D6-E5CDB01F6C27}.Release|Any CPU.ActiveCfg = Release|Any CPU
		{716B8013-BC9E-4939-87D6-E5CDB01F6C27}.Release|Any CPU.Build.0 = Release|Any CPU
		{DC3A6C72-91B2-4A1C-8C41-472EC2B963ED}.Debug|Any CPU.ActiveCfg = Debug|Any CPU
		{DC3A6C72-91B2-4A1C-8C41-472EC2B963ED}.Debug|Any CPU.Build.0 = Debug|Any CPU
		{DC3A6C72-91B2-4A1C-8C41-472EC2B963ED}.Release|Any CPU.ActiveCfg = Release|Any CPU
		{DC3A6C72-91B2-4A1C-8C41-472EC2B963ED}.Release|Any CPU.Build.0 = Release|Any CPU
		{A738AFC4-6459-4293-95AD-19DB45320359}.Debug|Any CPU.ActiveCfg = Debug|Any CPU
		{A738AFC4-6459-4293-95AD-19DB45320359}.Debug|Any CPU.Build.0 = Debug|Any CPU
		{A738AFC4-6459-4293-95AD-19DB45320359}.Release|Any CPU.ActiveCfg = Release|Any CPU
		{A738AFC4-6459-4293-95AD-19DB45320359}.Release|Any CPU.Build.0 = Release|Any CPU
		{2A1C4600-4040-419B-B3D8-4C2060DA82CC}.Debug|Any CPU.ActiveCfg = Debug|Any CPU
		{2A1C4600-4040-419B-B3D8-4C2060DA82CC}.Debug|Any CPU.Build.0 = Debug|Any CPU
		{2A1C4600-4040-419B-B3D8-4C2060DA82CC}.Release|Any CPU.ActiveCfg = Release|Any CPU
		{2A1C4600-4040-419B-B3D8-4C2060DA82CC}.Release|Any CPU.Build.0 = Release|Any CPU
		{0948DFAE-505D-4860-A7DD-5637AF55B87F}.Debug|Any CPU.ActiveCfg = Debug|Any CPU
		{0948DFAE-505D-4860-A7DD-5637AF55B87F}.Debug|Any CPU.Build.0 = Debug|Any CPU
		{0948DFAE-505D-4860-A7DD-5637AF55B87F}.Release|Any CPU.ActiveCfg = Release|Any CPU
		{0948DFAE-505D-4860-A7DD-5637AF55B87F}.Release|Any CPU.Build.0 = Release|Any CPU
		{B8E6604E-A0F1-41FF-ADCA-8580C170D403}.Debug|Any CPU.ActiveCfg = Debug|Any CPU
		{B8E6604E-A0F1-41FF-ADCA-8580C170D403}.Debug|Any CPU.Build.0 = Debug|Any CPU
		{B8E6604E-A0F1-41FF-ADCA-8580C170D403}.Release|Any CPU.ActiveCfg = Release|Any CPU
		{B8E6604E-A0F1-41FF-ADCA-8580C170D403}.Release|Any CPU.Build.0 = Release|Any CPU
		{3346DF66-6FFE-4CAB-A5A5-BD3264C7942B}.Debug|Any CPU.ActiveCfg = Debug|Any CPU
		{3346DF66-6FFE-4CAB-A5A5-BD3264C7942B}.Debug|Any CPU.Build.0 = Debug|Any CPU
		{3346DF66-6FFE-4CAB-A5A5-BD3264C7942B}.Release|Any CPU.ActiveCfg = Release|Any CPU
		{3346DF66-6FFE-4CAB-A5A5-BD3264C7942B}.Release|Any CPU.Build.0 = Release|Any CPU
		{8CD9A173-2B18-4794-AC3B-CE353C7ED26E}.Debug|Any CPU.ActiveCfg = Debug|Any CPU
		{8CD9A173-2B18-4794-AC3B-CE353C7ED26E}.Debug|Any CPU.Build.0 = Debug|Any CPU
		{8CD9A173-2B18-4794-AC3B-CE353C7ED26E}.Release|Any CPU.ActiveCfg = Release|Any CPU
		{8CD9A173-2B18-4794-AC3B-CE353C7ED26E}.Release|Any CPU.Build.0 = Release|Any CPU
		{AF5F77C1-D9CF-4493-803C-1DEC5F08859B}.Debug|Any CPU.ActiveCfg = Debug|Any CPU
		{AF5F77C1-D9CF-4493-803C-1DEC5F08859B}.Debug|Any CPU.Build.0 = Debug|Any CPU
		{AF5F77C1-D9CF-4493-803C-1DEC5F08859B}.Release|Any CPU.ActiveCfg = Release|Any CPU
		{AF5F77C1-D9CF-4493-803C-1DEC5F08859B}.Release|Any CPU.Build.0 = Release|Any CPU
		{E018F651-3C90-4F11-B4E1-50AC73353387}.Debug|Any CPU.ActiveCfg = Debug|Any CPU
		{E018F651-3C90-4F11-B4E1-50AC73353387}.Debug|Any CPU.Build.0 = Debug|Any CPU
		{E018F651-3C90-4F11-B4E1-50AC73353387}.Release|Any CPU.ActiveCfg = Release|Any CPU
		{E018F651-3C90-4F11-B4E1-50AC73353387}.Release|Any CPU.Build.0 = Release|Any CPU
		{D1C1C29B-4A6E-4A2A-B111-EABE8E7009F4}.Debug|Any CPU.ActiveCfg = Debug|Any CPU
		{D1C1C29B-4A6E-4A2A-B111-EABE8E7009F4}.Debug|Any CPU.Build.0 = Debug|Any CPU
		{D1C1C29B-4A6E-4A2A-B111-EABE8E7009F4}.Release|Any CPU.ActiveCfg = Release|Any CPU
		{D1C1C29B-4A6E-4A2A-B111-EABE8E7009F4}.Release|Any CPU.Build.0 = Release|Any CPU
		{7DC442E4-C42B-4459-8019-4CD3E7030AED}.Debug|Any CPU.ActiveCfg = Debug|Any CPU
		{7DC442E4-C42B-4459-8019-4CD3E7030AED}.Debug|Any CPU.Build.0 = Debug|Any CPU
		{7DC442E4-C42B-4459-8019-4CD3E7030AED}.Release|Any CPU.ActiveCfg = Release|Any CPU
		{7DC442E4-C42B-4459-8019-4CD3E7030AED}.Release|Any CPU.Build.0 = Release|Any CPU
		{752860FD-74F0-45E2-B4CA-B3E414482E5E}.Debug|Any CPU.ActiveCfg = Debug|Any CPU
		{752860FD-74F0-45E2-B4CA-B3E414482E5E}.Debug|Any CPU.Build.0 = Debug|Any CPU
		{752860FD-74F0-45E2-B4CA-B3E414482E5E}.Release|Any CPU.ActiveCfg = Release|Any CPU
		{752860FD-74F0-45E2-B4CA-B3E414482E5E}.Release|Any CPU.Build.0 = Release|Any CPU
		{1FB4B5F0-0584-4EF7-9EEC-D2D4907E4EC8}.Debug|Any CPU.ActiveCfg = Debug|Any CPU
		{1FB4B5F0-0584-4EF7-9EEC-D2D4907E4EC8}.Debug|Any CPU.Build.0 = Debug|Any CPU
		{1FB4B5F0-0584-4EF7-9EEC-D2D4907E4EC8}.Release|Any CPU.ActiveCfg = Release|Any CPU
		{1FB4B5F0-0584-4EF7-9EEC-D2D4907E4EC8}.Release|Any CPU.Build.0 = Release|Any CPU
		{065D2C6E-DF5B-4731-B22E-1FC723B02E8C}.Debug|Any CPU.ActiveCfg = Debug|Any CPU
		{065D2C6E-DF5B-4731-B22E-1FC723B02E8C}.Debug|Any CPU.Build.0 = Debug|Any CPU
		{065D2C6E-DF5B-4731-B22E-1FC723B02E8C}.Release|Any CPU.ActiveCfg = Release|Any CPU
		{065D2C6E-DF5B-4731-B22E-1FC723B02E8C}.Release|Any CPU.Build.0 = Release|Any CPU
		{6B82AE02-E0AC-41A8-9999-7CBF754ABC9F}.Debug|Any CPU.ActiveCfg = Debug|Any CPU
		{6B82AE02-E0AC-41A8-9999-7CBF754ABC9F}.Debug|Any CPU.Build.0 = Debug|Any CPU
		{6B82AE02-E0AC-41A8-9999-7CBF754ABC9F}.Release|Any CPU.ActiveCfg = Release|Any CPU
		{6B82AE02-E0AC-41A8-9999-7CBF754ABC9F}.Release|Any CPU.Build.0 = Release|Any CPU
		{3001C914-69B5-4FD5-A852-BBC1440B0BC6}.Debug|Any CPU.ActiveCfg = Debug|Any CPU
		{3001C914-69B5-4FD5-A852-BBC1440B0BC6}.Debug|Any CPU.Build.0 = Debug|Any CPU
		{3001C914-69B5-4FD5-A852-BBC1440B0BC6}.Release|Any CPU.ActiveCfg = Release|Any CPU
		{3001C914-69B5-4FD5-A852-BBC1440B0BC6}.Release|Any CPU.Build.0 = Release|Any CPU
		{6F3BC691-4F12-4050-B2C5-25D3E8F22D1F}.Debug|Any CPU.ActiveCfg = Debug|Any CPU
		{6F3BC691-4F12-4050-B2C5-25D3E8F22D1F}.Debug|Any CPU.Build.0 = Debug|Any CPU
		{6F3BC691-4F12-4050-B2C5-25D3E8F22D1F}.Release|Any CPU.ActiveCfg = Release|Any CPU
		{6F3BC691-4F12-4050-B2C5-25D3E8F22D1F}.Release|Any CPU.Build.0 = Release|Any CPU
		{D676CBA4-5F60-4026-B90D-F62D8277F8A2}.Debug|Any CPU.ActiveCfg = Debug|Any CPU
		{D676CBA4-5F60-4026-B90D-F62D8277F8A2}.Debug|Any CPU.Build.0 = Debug|Any CPU
		{D676CBA4-5F60-4026-B90D-F62D8277F8A2}.Release|Any CPU.ActiveCfg = Release|Any CPU
		{D676CBA4-5F60-4026-B90D-F62D8277F8A2}.Release|Any CPU.Build.0 = Release|Any CPU
		{2BE3B9F4-A413-4CA4-93D5-724FF7B96359}.Debug|Any CPU.ActiveCfg = Debug|Any CPU
		{2BE3B9F4-A413-4CA4-93D5-724FF7B96359}.Debug|Any CPU.Build.0 = Debug|Any CPU
		{2BE3B9F4-A413-4CA4-93D5-724FF7B96359}.Release|Any CPU.ActiveCfg = Release|Any CPU
		{2BE3B9F4-A413-4CA4-93D5-724FF7B96359}.Release|Any CPU.Build.0 = Release|Any CPU
		{7B87AA05-00AC-4401-BD3D-EF1A83E5799E}.Debug|Any CPU.ActiveCfg = Debug|Any CPU
		{7B87AA05-00AC-4401-BD3D-EF1A83E5799E}.Debug|Any CPU.Build.0 = Debug|Any CPU
		{7B87AA05-00AC-4401-BD3D-EF1A83E5799E}.Release|Any CPU.ActiveCfg = Release|Any CPU
		{7B87AA05-00AC-4401-BD3D-EF1A83E5799E}.Release|Any CPU.Build.0 = Release|Any CPU
		{FB23AD50-82DF-45F1-9DB5-3F604FF8951B}.Debug|Any CPU.ActiveCfg = Debug|Any CPU
		{FB23AD50-82DF-45F1-9DB5-3F604FF8951B}.Debug|Any CPU.Build.0 = Debug|Any CPU
		{FB23AD50-82DF-45F1-9DB5-3F604FF8951B}.Release|Any CPU.ActiveCfg = Release|Any CPU
		{FB23AD50-82DF-45F1-9DB5-3F604FF8951B}.Release|Any CPU.Build.0 = Release|Any CPU
		{8D62134B-4596-4B0F-B1DF-F2A4A5D4A66A}.Debug|Any CPU.ActiveCfg = Debug|Any CPU
		{8D62134B-4596-4B0F-B1DF-F2A4A5D4A66A}.Debug|Any CPU.Build.0 = Debug|Any CPU
		{8D62134B-4596-4B0F-B1DF-F2A4A5D4A66A}.Release|Any CPU.ActiveCfg = Release|Any CPU
		{8D62134B-4596-4B0F-B1DF-F2A4A5D4A66A}.Release|Any CPU.Build.0 = Release|Any CPU
		{B105342C-9495-489E-8788-4ED24F029A92}.Debug|Any CPU.ActiveCfg = Debug|Any CPU
		{B105342C-9495-489E-8788-4ED24F029A92}.Debug|Any CPU.Build.0 = Debug|Any CPU
		{B105342C-9495-489E-8788-4ED24F029A92}.Release|Any CPU.ActiveCfg = Release|Any CPU
		{B105342C-9495-489E-8788-4ED24F029A92}.Release|Any CPU.Build.0 = Release|Any CPU
		{D3A8717E-6EFD-41EE-A96D-D31AF0C9D467}.Debug|Any CPU.ActiveCfg = Debug|Any CPU
		{D3A8717E-6EFD-41EE-A96D-D31AF0C9D467}.Debug|Any CPU.Build.0 = Debug|Any CPU
		{D3A8717E-6EFD-41EE-A96D-D31AF0C9D467}.Release|Any CPU.ActiveCfg = Release|Any CPU
		{D3A8717E-6EFD-41EE-A96D-D31AF0C9D467}.Release|Any CPU.Build.0 = Release|Any CPU
		{51F4C8A2-9ADE-4EBC-B702-4FC6E49BD600}.Debug|Any CPU.ActiveCfg = Debug|Any CPU
		{51F4C8A2-9ADE-4EBC-B702-4FC6E49BD600}.Debug|Any CPU.Build.0 = Debug|Any CPU
		{51F4C8A2-9ADE-4EBC-B702-4FC6E49BD600}.Release|Any CPU.ActiveCfg = Release|Any CPU
		{51F4C8A2-9ADE-4EBC-B702-4FC6E49BD600}.Release|Any CPU.Build.0 = Release|Any CPU
		{880EA006-8893-4BE3-9A61-128416866E9C}.Debug|Any CPU.ActiveCfg = Debug|Any CPU
		{880EA006-8893-4BE3-9A61-128416866E9C}.Debug|Any CPU.Build.0 = Debug|Any CPU
		{880EA006-8893-4BE3-9A61-128416866E9C}.Release|Any CPU.ActiveCfg = Release|Any CPU
		{880EA006-8893-4BE3-9A61-128416866E9C}.Release|Any CPU.Build.0 = Release|Any CPU
		{9FC18FAE-28C1-496F-BD8D-41BF033821FB}.Debug|Any CPU.ActiveCfg = Debug|Any CPU
		{9FC18FAE-28C1-496F-BD8D-41BF033821FB}.Debug|Any CPU.Build.0 = Debug|Any CPU
		{9FC18FAE-28C1-496F-BD8D-41BF033821FB}.Release|Any CPU.ActiveCfg = Release|Any CPU
		{9FC18FAE-28C1-496F-BD8D-41BF033821FB}.Release|Any CPU.Build.0 = Release|Any CPU
		{73DAF9C1-F63E-4D80-8FA6-098ECBFE2236}.Debug|Any CPU.ActiveCfg = Debug|Any CPU
		{73DAF9C1-F63E-4D80-8FA6-098ECBFE2236}.Debug|Any CPU.Build.0 = Debug|Any CPU
		{73DAF9C1-F63E-4D80-8FA6-098ECBFE2236}.Release|Any CPU.ActiveCfg = Release|Any CPU
		{73DAF9C1-F63E-4D80-8FA6-098ECBFE2236}.Release|Any CPU.Build.0 = Release|Any CPU
		{E96B552E-61AB-4AA5-8D2E-4ED82245B26F}.Debug|Any CPU.ActiveCfg = Debug|Any CPU
		{E96B552E-61AB-4AA5-8D2E-4ED82245B26F}.Debug|Any CPU.Build.0 = Debug|Any CPU
		{E96B552E-61AB-4AA5-8D2E-4ED82245B26F}.Release|Any CPU.ActiveCfg = Release|Any CPU
		{E96B552E-61AB-4AA5-8D2E-4ED82245B26F}.Release|Any CPU.Build.0 = Release|Any CPU
		{89C37149-567F-4E9C-B049-1CCDA5B1678E}.Debug|Any CPU.ActiveCfg = Debug|Any CPU
		{89C37149-567F-4E9C-B049-1CCDA5B1678E}.Debug|Any CPU.Build.0 = Debug|Any CPU
		{89C37149-567F-4E9C-B049-1CCDA5B1678E}.Release|Any CPU.ActiveCfg = Release|Any CPU
		{89C37149-567F-4E9C-B049-1CCDA5B1678E}.Release|Any CPU.Build.0 = Release|Any CPU
	EndGlobalSection
	GlobalSection(SolutionProperties) = preSolution
		HideSolutionNode = FALSE
	EndGlobalSection
	GlobalSection(NestedProjects) = preSolution
		{82F1BF41-877D-4CE1-A61C-88A284EFEE2E} = {8C9A5F74-9B9E-4A7F-87E5-BB9ADD65CF74}
		{E920F382-1663-49EA-A900-3A09A5EBEA16} = {0E145929-2433-4AD7-B5DE-36231BEF0195}
		{DB26D355-DDAA-47BE-82AA-C087CF8A9B00} = {0E145929-2433-4AD7-B5DE-36231BEF0195}
		{AEAFE4D4-310E-4D8E-AB69-B5B7B31441C4} = {0E145929-2433-4AD7-B5DE-36231BEF0195}
		{B7E4EC6F-B58C-4D15-A4B7-D67FF0D68A83} = {C5C5644E-0551-4F8D-942A-E51EFD5ECB61}
		{3D6B1B10-EB14-490C-BB45-2CFCC3D9B330} = {C5C5644E-0551-4F8D-942A-E51EFD5ECB61}
		{F1DF228A-76DE-4C57-9CDB-161445C1D8F6} = {93FA668F-C808-4156-B31C-51C8013DCA41}
		{1CCF38F3-9777-4FF0-8E18-5A845E4831F7} = {93FA668F-C808-4156-B31C-51C8013DCA41}
		{716B8013-BC9E-4939-87D6-E5CDB01F6C27} = {44520CC5-716E-46C2-BC28-9E5076048880}
		{DC3A6C72-91B2-4A1C-8C41-472EC2B963ED} = {44520CC5-716E-46C2-BC28-9E5076048880}
		{A738AFC4-6459-4293-95AD-19DB45320359} = {44520CC5-716E-46C2-BC28-9E5076048880}
		{2A1C4600-4040-419B-B3D8-4C2060DA82CC} = {DF627C26-B353-4D57-8F89-29FF44CD4D59}
		{0948DFAE-505D-4860-A7DD-5637AF55B87F} = {DF627C26-B353-4D57-8F89-29FF44CD4D59}
		{B8E6604E-A0F1-41FF-ADCA-8580C170D403} = {FC6FF9C1-1853-4F62-8DD1-75ED221D8A18}
		{3346DF66-6FFE-4CAB-A5A5-BD3264C7942B} = {FC6FF9C1-1853-4F62-8DD1-75ED221D8A18}
		{8CD9A173-2B18-4794-AC3B-CE353C7ED26E} = {FC6FF9C1-1853-4F62-8DD1-75ED221D8A18}
		{AF5F77C1-D9CF-4493-803C-1DEC5F08859B} = {8B4C7458-A630-40DB-9D86-B2C802103E87}
		{E018F651-3C90-4F11-B4E1-50AC73353387} = {8B4C7458-A630-40DB-9D86-B2C802103E87}
		{D1C1C29B-4A6E-4A2A-B111-EABE8E7009F4} = {BA279B0A-BB25-4525-AD68-A59FD0EC4275}
		{7DC442E4-C42B-4459-8019-4CD3E7030AED} = {BA279B0A-BB25-4525-AD68-A59FD0EC4275}
		{752860FD-74F0-45E2-B4CA-B3E414482E5E} = {BA279B0A-BB25-4525-AD68-A59FD0EC4275}
		{1FB4B5F0-0584-4EF7-9EEC-D2D4907E4EC8} = {5CC35219-49D3-4E41-B6EE-76A993D2C4AB}
		{065D2C6E-DF5B-4731-B22E-1FC723B02E8C} = {5CC35219-49D3-4E41-B6EE-76A993D2C4AB}
		{6B82AE02-E0AC-41A8-9999-7CBF754ABC9F} = {4BA89689-BF5C-47A4-B07C-47EF2FC67470}
		{3001C914-69B5-4FD5-A852-BBC1440B0BC6} = {4BA89689-BF5C-47A4-B07C-47EF2FC67470}
		{6F3BC691-4F12-4050-B2C5-25D3E8F22D1F} = {4BA89689-BF5C-47A4-B07C-47EF2FC67470}
		{D676CBA4-5F60-4026-B90D-F62D8277F8A2} = {22203DDD-1C1A-4BD8-A2D4-C419D593136C}
		{2BE3B9F4-A413-4CA4-93D5-724FF7B96359} = {22203DDD-1C1A-4BD8-A2D4-C419D593136C}
		{7B87AA05-00AC-4401-BD3D-EF1A83E5799E} = {A87E0388-7F26-4A29-8379-3F592D30DA42}
		{FB23AD50-82DF-45F1-9DB5-3F604FF8951B} = {A87E0388-7F26-4A29-8379-3F592D30DA42}
		{8D62134B-4596-4B0F-B1DF-F2A4A5D4A66A} = {A87E0388-7F26-4A29-8379-3F592D30DA42}
		{B105342C-9495-489E-8788-4ED24F029A92} = {3E7C846A-2B25-4C42-B1E9-74A267774EC0}
		{D3A8717E-6EFD-41EE-A96D-D31AF0C9D467} = {63AE2B71-0B72-4EE3-884B-D9B9AED62851}
		{51F4C8A2-9ADE-4EBC-B702-4FC6E49BD600} = {63AE2B71-0B72-4EE3-884B-D9B9AED62851}
		{880EA006-8893-4BE3-9A61-128416866E9C} = {3E7C846A-2B25-4C42-B1E9-74A267774EC0}
		{73DAF9C1-F63E-4D80-8FA6-098ECBFE2236} = {69F317DF-4123-4D22-A42C-9AEB244E7418}
		{E96B552E-61AB-4AA5-8D2E-4ED82245B26F} = {69F317DF-4123-4D22-A42C-9AEB244E7418}
		{89C37149-567F-4E9C-B049-1CCDA5B1678E} = {E89915B1-8685-49BC-A368-490A60608558}
	EndGlobalSection
EndGlobal
